
Microsoft Visual Studio Solution File, Format Version 12.00
# Visual Studio Version 17
VisualStudioVersion = 17.0.31903.59
MinimumVisualStudioVersion = 10.0.40219.1
Project("{9A19103F-16F7-4668-BE54-9A1E7A4F7556}") = "Connectamente.API", "Connectamente.API.csproj", "{4F03EFA3-C5B0-42A0-9E9C-59A547B2BB3C}"
EndProject
Global
	GlobalSection(SolutionConfigurationPlatforms) = preSolution
		Debug|Any CPU = Debug|Any CPU
		Release|Any CPU = Release|Any CPU
	EndGlobalSection
	GlobalSection(ProjectConfigurationPlatforms) = postSolution
		{4F03EFA3-C5B0-42A0-9E9C-59A547B2BB3C}.Debug|Any CPU.ActiveCfg = Debug|Any CPU
		{4F03EFA3-C5B0-42A0-9E9C-59A547B2BB3C}.Debug|Any CPU.Build.0 = Debug|Any CPU
		{4F03EFA3-C5B0-42A0-9E9C-59A547B2BB3C}.Release|Any CPU.ActiveCfg = Release|Any CPU
		{4F03EFA3-C5B0-42A0-9E9C-59A547B2BB3C}.Release|Any CPU.Build.0 = Release|Any CPU
	EndGlobalSection
	GlobalSection(SolutionProperties) = preSolution
		HideSolutionNode = FALSE
	EndGlobalSection
	GlobalSection(ExtensibilityGlobals) = postSolution
		SolutionGuid = {923BC485-8DC8-4275-878A-7FEF6071814C}
	EndGlobalSection
EndGlobal
